
Microsoft Visual Studio Solution File, Format Version 12.00
# Visual Studio Version 17
VisualStudioVersion = 17.7.34031.279
MinimumVisualStudioVersion = 10.0.40219.1
Project("{2150E333-8FDC-42A3-9474-1A3956D46DE8}") = "Core", "Core", "{25255A92-E85C-410D-9EA4-2091291C22F1}"
EndProject
Project("{2150E333-8FDC-42A3-9474-1A3956D46DE8}") = "Infrastructure", "Infrastructure", "{25B3ED0A-24D9-42DA-9CE1-D09FC56CCE4C}"
EndProject
Project("{2150E333-8FDC-42A3-9474-1A3956D46DE8}") = "Presentation", "Presentation", "{F4AE42AA-C418-4A98-8C76-4D326A69930E}"
EndProject
Project("{FAE04EC0-301F-11D3-BF4B-00C04F79EFBC}") = "meetingOrganizer.Application", "meetingOrganizer.Application\meetingOrganizer.Application.csproj", "{CBD01032-78D3-4D00-8CC3-E5A559D3E798}"
EndProject
Project("{FAE04EC0-301F-11D3-BF4B-00C04F79EFBC}") = "meetingOrganizer.Domain", "meetingOrganizer.Domain\meetingOrganizer.Domain.csproj", "{6204CE65-E2DB-4F16-AF00-DB837C215B9F}"
EndProject
Project("{FAE04EC0-301F-11D3-BF4B-00C04F79EFBC}") = "meetingOrganizer.Infrastructure", "meetingOrganizer.Infrastructure\meetingOrganizer.Infrastructure.csproj", "{744F363E-9E9F-4666-8DBB-96E27A6E7D2A}"
EndProject
Project("{FAE04EC0-301F-11D3-BF4B-00C04F79EFBC}") = "meetingOrganizer.Persistence", "meetingOrganizer.Persistence\meetingOrganizer.Persistence.csproj", "{9D13F92D-1901-449B-B782-98B0A7F81D93}"
EndProject
Project("{FAE04EC0-301F-11D3-BF4B-00C04F79EFBC}") = "meetingOrganizer.API", "meetingOrganizer.API\meetingOrganizer.API.csproj", "{E5E283B8-C653-46F8-AEFF-BEC2CC29C916}"
EndProject
Global
	GlobalSection(SolutionConfigurationPlatforms) = preSolution
		Debug|Any CPU = Debug|Any CPU
		Release|Any CPU = Release|Any CPU
	EndGlobalSection
	GlobalSection(ProjectConfigurationPlatforms) = postSolution
		{CBD01032-78D3-4D00-8CC3-E5A559D3E798}.Debug|Any CPU.ActiveCfg = Debug|Any CPU
		{CBD01032-78D3-4D00-8CC3-E5A559D3E798}.Debug|Any CPU.Build.0 = Debug|Any CPU
		{CBD01032-78D3-4D00-8CC3-E5A559D3E798}.Release|Any CPU.ActiveCfg = Release|Any CPU
		{CBD01032-78D3-4D00-8CC3-E5A559D3E798}.Release|Any CPU.Build.0 = Release|Any CPU
		{6204CE65-E2DB-4F16-AF00-DB837C215B9F}.Debug|Any CPU.ActiveCfg = Debug|Any CPU
		{6204CE65-E2DB-4F16-AF00-DB837C215B9F}.Debug|Any CPU.Build.0 = Debug|Any CPU
		{6204CE65-E2DB-4F16-AF00-DB837C215B9F}.Release|Any CPU.ActiveCfg = Release|Any CPU
		{6204CE65-E2DB-4F16-AF00-DB837C215B9F}.Release|Any CPU.Build.0 = Release|Any CPU
		{744F363E-9E9F-4666-8DBB-96E27A6E7D2A}.Debug|Any CPU.ActiveCfg = Debug|Any CPU
		{744F363E-9E9F-4666-8DBB-96E27A6E7D2A}.Debug|Any CPU.Build.0 = Debug|Any CPU
		{744F363E-9E9F-4666-8DBB-96E27A6E7D2A}.Release|Any CPU.ActiveCfg = Release|Any CPU
		{744F363E-9E9F-4666-8DBB-96E27A6E7D2A}.Release|Any CPU.Build.0 = Release|Any CPU
		{9D13F92D-1901-449B-B782-98B0A7F81D93}.Debug|Any CPU.ActiveCfg = Debug|Any CPU
		{9D13F92D-1901-449B-B782-98B0A7F81D93}.Debug|Any CPU.Build.0 = Debug|Any CPU
		{9D13F92D-1901-449B-B782-98B0A7F81D93}.Release|Any CPU.ActiveCfg = Release|Any CPU
		{9D13F92D-1901-449B-B782-98B0A7F81D93}.Release|Any CPU.Build.0 = Release|Any CPU
		{E5E283B8-C653-46F8-AEFF-BEC2CC29C916}.Debug|Any CPU.ActiveCfg = Debug|Any CPU
		{E5E283B8-C653-46F8-AEFF-BEC2CC29C916}.Debug|Any CPU.Build.0 = Debug|Any CPU
		{E5E283B8-C653-46F8-AEFF-BEC2CC29C916}.Release|Any CPU.ActiveCfg = Release|Any CPU
		{E5E283B8-C653-46F8-AEFF-BEC2CC29C916}.Release|Any CPU.Build.0 = Release|Any CPU
	EndGlobalSection
	GlobalSection(SolutionProperties) = preSolution
		HideSolutionNode = FALSE
	EndGlobalSection
	GlobalSection(NestedProjects) = preSolution
		{CBD01032-78D3-4D00-8CC3-E5A559D3E798} = {25255A92-E85C-410D-9EA4-2091291C22F1}
		{6204CE65-E2DB-4F16-AF00-DB837C215B9F} = {25255A92-E85C-410D-9EA4-2091291C22F1}
		{744F363E-9E9F-4666-8DBB-96E27A6E7D2A} = {25B3ED0A-24D9-42DA-9CE1-D09FC56CCE4C}
		{9D13F92D-1901-449B-B782-98B0A7F81D93} = {25B3ED0A-24D9-42DA-9CE1-D09FC56CCE4C}
		{E5E283B8-C653-46F8-AEFF-BEC2CC29C916} = {F4AE42AA-C418-4A98-8C76-4D326A69930E}
	EndGlobalSection
	GlobalSection(ExtensibilityGlobals) = postSolution
		SolutionGuid = {B26E337F-A945-4112-A6C6-CEEE6AE7021F}
	EndGlobalSection
EndGlobal
