
Microsoft Visual Studio Solution File, Format Version 12.00
# Visual Studio Version 17
VisualStudioVersion = 17.7.34031.279
MinimumVisualStudioVersion = 10.0.40219.1
Project("{9A19103F-16F7-4668-BE54-9A1E7A4F7556}") = "reverse_text", "reverse_text.csproj", "{A590592D-37C8-4050-B05D-8CDF88820946}"
EndProject
Global
	GlobalSection(SolutionConfigurationPlatforms) = preSolution
		Debug|Any CPU = Debug|Any CPU
		Release|Any CPU = Release|Any CPU
	EndGlobalSection
	GlobalSection(ProjectConfigurationPlatforms) = postSolution
		{A590592D-37C8-4050-B05D-8CDF88820946}.Debug|Any CPU.ActiveCfg = Debug|Any CPU
		{A590592D-37C8-4050-B05D-8CDF88820946}.Debug|Any CPU.Build.0 = Debug|Any CPU
		{A590592D-37C8-4050-B05D-8CDF88820946}.Release|Any CPU.ActiveCfg = Release|Any CPU
		{A590592D-37C8-4050-B05D-8CDF88820946}.Release|Any CPU.Build.0 = Release|Any CPU
	EndGlobalSection
	GlobalSection(SolutionProperties) = preSolution
		HideSolutionNode = FALSE
	EndGlobalSection
	GlobalSection(ExtensibilityGlobals) = postSolution
		SolutionGuid = {2019B2A9-599A-450C-88C5-6E4520E2DBB5}
	EndGlobalSection
EndGlobal
